
Microsoft Visual Studio Solution File, Format Version 12.00
# Visual Studio 14
VisualStudioVersion = 14.0.25123.0
MinimumVisualStudioVersion = 10.0.40219.1
Project("{FAE04EC0-301F-11D3-BF4B-00C04F79EFBC}") = "FluentMigrator.Tests", "src\FluentMigrator.Tests\FluentMigrator.Tests.csproj", "{5DFD1A3B-7258-4C05-88F9-02A1EA3F5D9C}"
EndProject
Project("{2150E333-8FDC-42A3-9474-1A3956D46DE8}") = "Runners", "Runners", "{CB10ADAF-FB42-457B-ADFE-7CF866C5DA6E}"
EndProject
Project("{2150E333-8FDC-42A3-9474-1A3956D46DE8}") = "Core", "Core", "{C17FACD1-2740-44B5-8E6E-B7FF0D54CA40}"
EndProject
Project("{2150E333-8FDC-42A3-9474-1A3956D46DE8}") = "Tests", "Tests", "{D264186F-3ED6-482D-8E1A-F41C2F83C711}"
EndProject
Project("{2150E333-8FDC-42A3-9474-1A3956D46DE8}") = "Solution Items", "Solution Items", "{64A04012-A9E7-4DE9-8927-DD1DD5E2523A}"
	ProjectSection(SolutionItems) = preProject
		global.json = global.json
		src\SolutionInfo.cs = src\SolutionInfo.cs
	EndProjectSection
EndProject
Project("{8BB2217D-0F2D-49D1-97BC-3654ED321F3B}") = "FluentMigrator", "src\FluentMigrator\FluentMigrator.xproj", "{DC3A555B-D6BB-4F6F-A4AE-1286D5C3BCEE}"
EndProject
Project("{8BB2217D-0F2D-49D1-97BC-3654ED321F3B}") = "FluentMigrator.Runner", "src\FluentMigrator.Runner\FluentMigrator.Runner.xproj", "{31920D88-41C3-4BE8-A86E-EA09197D73D1}"
EndProject
Project("{8BB2217D-0F2D-49D1-97BC-3654ED321F3B}") = "FluentMigrator.Console", "src\FluentMigrator.Console\FluentMigrator.Console.xproj", "{98F483B1-7DB5-4F6A-9AC9-1B3860525919}"
EndProject
Project("{8BB2217D-0F2D-49D1-97BC-3654ED321F3B}") = "FluentMigrator.SchemaDump", "src\FluentMigrator.SchemaDump\FluentMigrator.SchemaDump.xproj", "{7CD16D9A-D656-4297-921F-89E6D1D295C8}"
EndProject
Project("{8BB2217D-0F2D-49D1-97BC-3654ED321F3B}") = "FluentMigrator.MSBuild", "src\FluentMigrator.MSBuild\FluentMigrator.MSBuild.xproj", "{EF449DA5-6F40-4FEC-B870-78F43F15695C}"
EndProject
Project("{FAE04EC0-301F-11D3-BF4B-00C04F79EFBC}") = "FluentMigrator.NAnt", "src\FluentMigrator.NAnt\FluentMigrator.NAnt.csproj", "{C2B629E5-9394-48DA-A9E8-4999B398F37E}"
EndProject
Global
	GlobalSection(SolutionConfigurationPlatforms) = preSolution
		AutomatedRelease|Any CPU = AutomatedRelease|Any CPU
		AutomatedRelease|x86 = AutomatedRelease|x86
		Debug|Any CPU = Debug|Any CPU
		Debug|x86 = Debug|x86
		Release|Any CPU = Release|Any CPU
		Release|x86 = Release|x86
	EndGlobalSection
	GlobalSection(ProjectConfigurationPlatforms) = postSolution
		{5DFD1A3B-7258-4C05-88F9-02A1EA3F5D9C}.AutomatedRelease|Any CPU.ActiveCfg = AutomatedRelease|Any CPU
		{5DFD1A3B-7258-4C05-88F9-02A1EA3F5D9C}.AutomatedRelease|Any CPU.Build.0 = AutomatedRelease|Any CPU
		{5DFD1A3B-7258-4C05-88F9-02A1EA3F5D9C}.AutomatedRelease|x86.ActiveCfg = AutomatedRelease|x86
		{5DFD1A3B-7258-4C05-88F9-02A1EA3F5D9C}.AutomatedRelease|x86.Build.0 = AutomatedRelease|x86
		{5DFD1A3B-7258-4C05-88F9-02A1EA3F5D9C}.Debug|Any CPU.ActiveCfg = Debug|x86
		{5DFD1A3B-7258-4C05-88F9-02A1EA3F5D9C}.Debug|Any CPU.Build.0 = Debug|x86
		{5DFD1A3B-7258-4C05-88F9-02A1EA3F5D9C}.Debug|x86.ActiveCfg = Debug|x86
		{5DFD1A3B-7258-4C05-88F9-02A1EA3F5D9C}.Debug|x86.Build.0 = Debug|x86
		{5DFD1A3B-7258-4C05-88F9-02A1EA3F5D9C}.Release|Any CPU.ActiveCfg = Debug|Any CPU
		{5DFD1A3B-7258-4C05-88F9-02A1EA3F5D9C}.Release|Any CPU.Build.0 = Debug|Any CPU
		{5DFD1A3B-7258-4C05-88F9-02A1EA3F5D9C}.Release|x86.ActiveCfg = Release|x86
		{5DFD1A3B-7258-4C05-88F9-02A1EA3F5D9C}.Release|x86.Build.0 = Release|x86
		{DC3A555B-D6BB-4F6F-A4AE-1286D5C3BCEE}.AutomatedRelease|Any CPU.ActiveCfg = Release|Any CPU
		{DC3A555B-D6BB-4F6F-A4AE-1286D5C3BCEE}.AutomatedRelease|Any CPU.Build.0 = Release|Any CPU
		{DC3A555B-D6BB-4F6F-A4AE-1286D5C3BCEE}.AutomatedRelease|x86.ActiveCfg = Release|Any CPU
		{DC3A555B-D6BB-4F6F-A4AE-1286D5C3BCEE}.AutomatedRelease|x86.Build.0 = Release|Any CPU
		{DC3A555B-D6BB-4F6F-A4AE-1286D5C3BCEE}.Debug|Any CPU.ActiveCfg = Debug|Any CPU
		{DC3A555B-D6BB-4F6F-A4AE-1286D5C3BCEE}.Debug|Any CPU.Build.0 = Debug|Any CPU
		{DC3A555B-D6BB-4F6F-A4AE-1286D5C3BCEE}.Debug|x86.ActiveCfg = Debug|Any CPU
		{DC3A555B-D6BB-4F6F-A4AE-1286D5C3BCEE}.Debug|x86.Build.0 = Debug|Any CPU
		{DC3A555B-D6BB-4F6F-A4AE-1286D5C3BCEE}.Release|Any CPU.ActiveCfg = Release|Any CPU
		{DC3A555B-D6BB-4F6F-A4AE-1286D5C3BCEE}.Release|Any CPU.Build.0 = Release|Any CPU
		{DC3A555B-D6BB-4F6F-A4AE-1286D5C3BCEE}.Release|x86.ActiveCfg = Release|Any CPU
		{DC3A555B-D6BB-4F6F-A4AE-1286D5C3BCEE}.Release|x86.Build.0 = Release|Any CPU
		{31920D88-41C3-4BE8-A86E-EA09197D73D1}.AutomatedRelease|Any CPU.ActiveCfg = Release|Any CPU
		{31920D88-41C3-4BE8-A86E-EA09197D73D1}.AutomatedRelease|Any CPU.Build.0 = Release|Any CPU
		{31920D88-41C3-4BE8-A86E-EA09197D73D1}.AutomatedRelease|x86.ActiveCfg = Release|Any CPU
		{31920D88-41C3-4BE8-A86E-EA09197D73D1}.AutomatedRelease|x86.Build.0 = Release|Any CPU
		{31920D88-41C3-4BE8-A86E-EA09197D73D1}.Debug|Any CPU.ActiveCfg = Debug|Any CPU
		{31920D88-41C3-4BE8-A86E-EA09197D73D1}.Debug|Any CPU.Build.0 = Debug|Any CPU
		{31920D88-41C3-4BE8-A86E-EA09197D73D1}.Debug|x86.ActiveCfg = Debug|Any CPU
		{31920D88-41C3-4BE8-A86E-EA09197D73D1}.Debug|x86.Build.0 = Debug|Any CPU
		{31920D88-41C3-4BE8-A86E-EA09197D73D1}.Release|Any CPU.ActiveCfg = Release|Any CPU
		{31920D88-41C3-4BE8-A86E-EA09197D73D1}.Release|Any CPU.Build.0 = Release|Any CPU
		{31920D88-41C3-4BE8-A86E-EA09197D73D1}.Release|x86.ActiveCfg = Release|Any CPU
		{31920D88-41C3-4BE8-A86E-EA09197D73D1}.Release|x86.Build.0 = Release|Any CPU
		{98F483B1-7DB5-4F6A-9AC9-1B3860525919}.AutomatedRelease|Any CPU.ActiveCfg = Release|Any CPU
		{98F483B1-7DB5-4F6A-9AC9-1B3860525919}.AutomatedRelease|Any CPU.Build.0 = Release|Any CPU
		{98F483B1-7DB5-4F6A-9AC9-1B3860525919}.AutomatedRelease|x86.ActiveCfg = Release|Any CPU
		{98F483B1-7DB5-4F6A-9AC9-1B3860525919}.AutomatedRelease|x86.Build.0 = Release|Any CPU
		{98F483B1-7DB5-4F6A-9AC9-1B3860525919}.Debug|Any CPU.ActiveCfg = Debug|Any CPU
		{98F483B1-7DB5-4F6A-9AC9-1B3860525919}.Debug|Any CPU.Build.0 = Debug|Any CPU
		{98F483B1-7DB5-4F6A-9AC9-1B3860525919}.Debug|x86.ActiveCfg = Debug|Any CPU
		{98F483B1-7DB5-4F6A-9AC9-1B3860525919}.Debug|x86.Build.0 = Debug|Any CPU
		{98F483B1-7DB5-4F6A-9AC9-1B3860525919}.Release|Any CPU.ActiveCfg = Release|Any CPU
		{98F483B1-7DB5-4F6A-9AC9-1B3860525919}.Release|Any CPU.Build.0 = Release|Any CPU
		{98F483B1-7DB5-4F6A-9AC9-1B3860525919}.Release|x86.ActiveCfg = Release|Any CPU
		{98F483B1-7DB5-4F6A-9AC9-1B3860525919}.Release|x86.Build.0 = Release|Any CPU
		{7CD16D9A-D656-4297-921F-89E6D1D295C8}.AutomatedRelease|Any CPU.ActiveCfg = Release|Any CPU
		{7CD16D9A-D656-4297-921F-89E6D1D295C8}.AutomatedRelease|Any CPU.Build.0 = Release|Any CPU
		{7CD16D9A-D656-4297-921F-89E6D1D295C8}.AutomatedRelease|x86.ActiveCfg = Release|Any CPU
		{7CD16D9A-D656-4297-921F-89E6D1D295C8}.AutomatedRelease|x86.Build.0 = Release|Any CPU
		{7CD16D9A-D656-4297-921F-89E6D1D295C8}.Debug|Any CPU.ActiveCfg = Debug|Any CPU
		{7CD16D9A-D656-4297-921F-89E6D1D295C8}.Debug|Any CPU.Build.0 = Debug|Any CPU
		{7CD16D9A-D656-4297-921F-89E6D1D295C8}.Debug|x86.ActiveCfg = Debug|Any CPU
		{7CD16D9A-D656-4297-921F-89E6D1D295C8}.Debug|x86.Build.0 = Debug|Any CPU
		{7CD16D9A-D656-4297-921F-89E6D1D295C8}.Release|Any CPU.ActiveCfg = Release|Any CPU
		{7CD16D9A-D656-4297-921F-89E6D1D295C8}.Release|Any CPU.Build.0 = Release|Any CPU
		{7CD16D9A-D656-4297-921F-89E6D1D295C8}.Release|x86.ActiveCfg = Release|Any CPU
		{7CD16D9A-D656-4297-921F-89E6D1D295C8}.Release|x86.Build.0 = Release|Any CPU
		{EF449DA5-6F40-4FEC-B870-78F43F15695C}.AutomatedRelease|Any CPU.ActiveCfg = Release|Any CPU
		{EF449DA5-6F40-4FEC-B870-78F43F15695C}.AutomatedRelease|Any CPU.Build.0 = Release|Any CPU
		{EF449DA5-6F40-4FEC-B870-78F43F15695C}.AutomatedRelease|x86.ActiveCfg = Release|Any CPU
		{EF449DA5-6F40-4FEC-B870-78F43F15695C}.AutomatedRelease|x86.Build.0 = Release|Any CPU
		{EF449DA5-6F40-4FEC-B870-78F43F15695C}.Debug|Any CPU.ActiveCfg = Debug|Any CPU
		{EF449DA5-6F40-4FEC-B870-78F43F15695C}.Debug|Any CPU.Build.0 = Debug|Any CPU
		{EF449DA5-6F40-4FEC-B870-78F43F15695C}.Debug|x86.ActiveCfg = Debug|Any CPU
		{EF449DA5-6F40-4FEC-B870-78F43F15695C}.Debug|x86.Build.0 = Debug|Any CPU
		{EF449DA5-6F40-4FEC-B870-78F43F15695C}.Release|Any CPU.ActiveCfg = Release|Any CPU
		{EF449DA5-6F40-4FEC-B870-78F43F15695C}.Release|Any CPU.Build.0 = Release|Any CPU
		{EF449DA5-6F40-4FEC-B870-78F43F15695C}.Release|x86.ActiveCfg = Release|Any CPU
		{EF449DA5-6F40-4FEC-B870-78F43F15695C}.Release|x86.Build.0 = Release|Any CPU
		{C2B629E5-9394-48DA-A9E8-4999B398F37E}.AutomatedRelease|Any CPU.ActiveCfg = AutomatedRelease|Any CPU
		{C2B629E5-9394-48DA-A9E8-4999B398F37E}.AutomatedRelease|Any CPU.Build.0 = AutomatedRelease|Any CPU
		{C2B629E5-9394-48DA-A9E8-4999B398F37E}.AutomatedRelease|x86.ActiveCfg = AutomatedRelease|Any CPU
		{C2B629E5-9394-48DA-A9E8-4999B398F37E}.AutomatedRelease|x86.Build.0 = AutomatedRelease|Any CPU
		{C2B629E5-9394-48DA-A9E8-4999B398F37E}.Debug|Any CPU.ActiveCfg = Debug|Any CPU
		{C2B629E5-9394-48DA-A9E8-4999B398F37E}.Debug|Any CPU.Build.0 = Debug|Any CPU
		{C2B629E5-9394-48DA-A9E8-4999B398F37E}.Debug|x86.ActiveCfg = Debug|Any CPU
		{C2B629E5-9394-48DA-A9E8-4999B398F37E}.Debug|x86.Build.0 = Debug|Any CPU
		{C2B629E5-9394-48DA-A9E8-4999B398F37E}.Release|Any CPU.ActiveCfg = Release|Any CPU
		{C2B629E5-9394-48DA-A9E8-4999B398F37E}.Release|Any CPU.Build.0 = Release|Any CPU
		{C2B629E5-9394-48DA-A9E8-4999B398F37E}.Release|x86.ActiveCfg = Release|Any CPU
		{C2B629E5-9394-48DA-A9E8-4999B398F37E}.Release|x86.Build.0 = Release|Any CPU
	EndGlobalSection
	GlobalSection(SolutionProperties) = preSolution
		HideSolutionNode = FALSE
	EndGlobalSection
	GlobalSection(NestedProjects) = preSolution
		{5DFD1A3B-7258-4C05-88F9-02A1EA3F5D9C} = {D264186F-3ED6-482D-8E1A-F41C2F83C711}
		{DC3A555B-D6BB-4F6F-A4AE-1286D5C3BCEE} = {C17FACD1-2740-44B5-8E6E-B7FF0D54CA40}
		{31920D88-41C3-4BE8-A86E-EA09197D73D1} = {CB10ADAF-FB42-457B-ADFE-7CF866C5DA6E}
		{98F483B1-7DB5-4F6A-9AC9-1B3860525919} = {CB10ADAF-FB42-457B-ADFE-7CF866C5DA6E}
		{7CD16D9A-D656-4297-921F-89E6D1D295C8} = {CB10ADAF-FB42-457B-ADFE-7CF866C5DA6E}
		{EF449DA5-6F40-4FEC-B870-78F43F15695C} = {CB10ADAF-FB42-457B-ADFE-7CF866C5DA6E}
		{C2B629E5-9394-48DA-A9E8-4999B398F37E} = {CB10ADAF-FB42-457B-ADFE-7CF866C5DA6E}
	EndGlobalSection
EndGlobal
